
Microsoft Visual Studio Solution File, Format Version 12.00
# Visual Studio Version 16
VisualStudioVersion = 16.0.30611.23
MinimumVisualStudioVersion = 10.0.40219.1
Project("{FAE04EC0-301F-11D3-BF4B-00C04F79EFBC}") = "CSharp_Euromilhões", "CSharp_Euromilhões\CSharp_Euromilhões.csproj", "{ECFF2267-A28C-407B-9E6C-855D600E6767}"
EndProject
Global
	GlobalSection(SolutionConfigurationPlatforms) = preSolution
		Debug|Any CPU = Debug|Any CPU
		Release|Any CPU = Release|Any CPU
	EndGlobalSection
	GlobalSection(ProjectConfigurationPlatforms) = postSolution
		{ECFF2267-A28C-407B-9E6C-855D600E6767}.Debug|Any CPU.ActiveCfg = Debug|Any CPU
		{ECFF2267-A28C-407B-9E6C-855D600E6767}.Debug|Any CPU.Build.0 = Debug|Any CPU
		{ECFF2267-A28C-407B-9E6C-855D600E6767}.Release|Any CPU.ActiveCfg = Release|Any CPU
		{ECFF2267-A28C-407B-9E6C-855D600E6767}.Release|Any CPU.Build.0 = Release|Any CPU
	EndGlobalSection
	GlobalSection(SolutionProperties) = preSolution
		HideSolutionNode = FALSE
	EndGlobalSection
	GlobalSection(ExtensibilityGlobals) = postSolution
		SolutionGuid = {272FE859-057B-4669-8D32-9095B91BEE09}
	EndGlobalSection
EndGlobal
